// !$*UTF8*$!
{
	archiveVersion = 1;
	classes = {
	};
	objectVersion = 48;
	objects = {

/* Begin PBXBuildFile section */
		C13A95431FEAA43D000A6CFE /* RxMIIScrollableViews.framework in Frameworks */ = {isa = PBXBuildFile; fileRef = C13A95441FEAA43D000A6CFE /* RxMIIScrollableViews.framework */; };
		C13A95461FEAA44B000A6CFE /* MIIScrollableViews.framework in Frameworks */ = {isa = PBXBuildFile; fileRef = C13A95451FEAA44B000A6CFE /* MIIScrollableViews.framework */; };
		C13A955D1FEAA45F000A6CFE /* RxCocoa.framework in Frameworks */ = {isa = PBXBuildFile; fileRef = C13A95571FEAA452000A6CFE /* RxCocoa.framework */; };
		C13A955E1FEAA46C000A6CFE /* RxSwift.framework in Frameworks */ = {isa = PBXBuildFile; fileRef = C13A95591FEAA452000A6CFE /* RxSwift.framework */; };
		C15EBBE11FEA8B7000D65225 /* AppDelegate.swift in Sources */ = {isa = PBXBuildFile; fileRef = C15EBBE01FEA8B7000D65225 /* AppDelegate.swift */; };
		C15EBBE31FEA8B7000D65225 /* ViewController.swift in Sources */ = {isa = PBXBuildFile; fileRef = C15EBBE21FEA8B7000D65225 /* ViewController.swift */; };
		C15EBBE61FEA8B7000D65225 /* Main.storyboard in Resources */ = {isa = PBXBuildFile; fileRef = C15EBBE41FEA8B7000D65225 /* Main.storyboard */; };
		C15EBBE81FEA8B7000D65225 /* Assets.xcassets in Resources */ = {isa = PBXBuildFile; fileRef = C15EBBE71FEA8B7000D65225 /* Assets.xcassets */; };
		C15EBBEB1FEA8B7000D65225 /* LaunchScreen.storyboard in Resources */ = {isa = PBXBuildFile; fileRef = C15EBBE91FEA8B7000D65225 /* LaunchScreen.storyboard */; };
/* End PBXBuildFile section */

/* Begin PBXFileReference section */
		C13A95441FEAA43D000A6CFE /* RxMIIScrollableViews.framework */ = {isa = PBXFileReference; explicitFileType = wrapper.framework; path = RxMIIScrollableViews.framework; sourceTree = BUILT_PRODUCTS_DIR; };
		C13A95451FEAA44B000A6CFE /* MIIScrollableViews.framework */ = {isa = PBXFileReference; lastKnownFileType = wrapper.framework; name = MIIScrollableViews.framework; path = Carthage/Build/iOS/MIIScrollableViews.framework; sourceTree = "<group>"; };
		C13A95481FEAA452000A6CFE /* .MIIScrollableViews.version */ = {isa = PBXFileReference; lastKnownFileType = text; path = .MIIScrollableViews.version; sourceTree = "<group>"; };
		C13A95491FEAA452000A6CFE /* .RxSwift.version */ = {isa = PBXFileReference; lastKnownFileType = text; path = .RxSwift.version; sourceTree = "<group>"; };
		C13A954B1FEAA452000A6CFE /* 21F8D8A8-5FB6-38C0-BDE4-B93D92A0752C.bcsymbolmap */ = {isa = PBXFileReference; lastKnownFileType = text; path = "21F8D8A8-5FB6-38C0-BDE4-B93D92A0752C.bcsymbolmap"; sourceTree = "<group>"; };
		C13A954C1FEAA452000A6CFE /* 6DC97E85-8F90-35CC-A20E-02891914A2BA.bcsymbolmap */ = {isa = PBXFileReference; lastKnownFileType = text; path = "6DC97E85-8F90-35CC-A20E-02891914A2BA.bcsymbolmap"; sourceTree = "<group>"; };
		C13A954D1FEAA452000A6CFE /* BF2C059B-9B00-3293-ADAA-744157ADF43C.bcsymbolmap */ = {isa = PBXFileReference; lastKnownFileType = text; path = "BF2C059B-9B00-3293-ADAA-744157ADF43C.bcsymbolmap"; sourceTree = "<group>"; };
		C13A954E1FEAA452000A6CFE /* DC9FFA36-9D55-3FC0-9482-F702A402D287.bcsymbolmap */ = {isa = PBXFileReference; lastKnownFileType = text; path = "DC9FFA36-9D55-3FC0-9482-F702A402D287.bcsymbolmap"; sourceTree = "<group>"; };
		C13A954F1FEAA452000A6CFE /* E1868AB6-3588-3F91-B95D-62810809FA5F.bcsymbolmap */ = {isa = PBXFileReference; lastKnownFileType = text; path = "E1868AB6-3588-3F91-B95D-62810809FA5F.bcsymbolmap"; sourceTree = "<group>"; };
		C13A95501FEAA452000A6CFE /* E4B5442A-A3BD-3080-8B37-6996FB8ED0C3.bcsymbolmap */ = {isa = PBXFileReference; lastKnownFileType = text; path = "E4B5442A-A3BD-3080-8B37-6996FB8ED0C3.bcsymbolmap"; sourceTree = "<group>"; };
		C13A95511FEAA452000A6CFE /* F311E5FC-D4D4-315E-9E6F-A39B985CA7B2.bcsymbolmap */ = {isa = PBXFileReference; lastKnownFileType = text; path = "F311E5FC-D4D4-315E-9E6F-A39B985CA7B2.bcsymbolmap"; sourceTree = "<group>"; };
		C13A95521FEAA452000A6CFE /* FB9E7994-810F-3661-B33C-11467DB19FB8.bcsymbolmap */ = {isa = PBXFileReference; lastKnownFileType = text; path = "FB9E7994-810F-3661-B33C-11467DB19FB8.bcsymbolmap"; sourceTree = "<group>"; };
		C13A95531FEAA452000A6CFE /* MIIScrollableViews.framework */ = {isa = PBXFileReference; lastKnownFileType = wrapper.framework; path = MIIScrollableViews.framework; sourceTree = "<group>"; };
		C13A95541FEAA452000A6CFE /* MIIScrollableViews.framework.dSYM */ = {isa = PBXFileReference; lastKnownFileType = wrapper.dsym; path = MIIScrollableViews.framework.dSYM; sourceTree = "<group>"; };
		C13A95551FEAA452000A6CFE /* RxBlocking.framework */ = {isa = PBXFileReference; lastKnownFileType = wrapper.framework; path = RxBlocking.framework; sourceTree = "<group>"; };
		C13A95561FEAA452000A6CFE /* RxBlocking.framework.dSYM */ = {isa = PBXFileReference; lastKnownFileType = wrapper.dsym; path = RxBlocking.framework.dSYM; sourceTree = "<group>"; };
		C13A95571FEAA452000A6CFE /* RxCocoa.framework */ = {isa = PBXFileReference; lastKnownFileType = wrapper.framework; path = RxCocoa.framework; sourceTree = "<group>"; };
		C13A95581FEAA452000A6CFE /* RxCocoa.framework.dSYM */ = {isa = PBXFileReference; lastKnownFileType = wrapper.dsym; path = RxCocoa.framework.dSYM; sourceTree = "<group>"; };
		C13A95591FEAA452000A6CFE /* RxSwift.framework */ = {isa = PBXFileReference; lastKnownFileType = wrapper.framework; path = RxSwift.framework; sourceTree = "<group>"; };
		C13A955A1FEAA452000A6CFE /* RxSwift.framework.dSYM */ = {isa = PBXFileReference; lastKnownFileType = wrapper.dsym; path = RxSwift.framework.dSYM; sourceTree = "<group>"; };
		C13A955B1FEAA452000A6CFE /* RxTest.framework */ = {isa = PBXFileReference; lastKnownFileType = wrapper.framework; path = RxTest.framework; sourceTree = "<group>"; };
		C13A955C1FEAA452000A6CFE /* RxTest.framework.dSYM */ = {isa = PBXFileReference; lastKnownFileType = wrapper.dsym; path = RxTest.framework.dSYM; sourceTree = "<group>"; };
		C15EBBDD1FEA8B7000D65225 /* Demo.app */ = {isa = PBXFileReference; explicitFileType = wrapper.application; includeInIndex = 0; path = Demo.app; sourceTree = BUILT_PRODUCTS_DIR; };
		C15EBBE01FEA8B7000D65225 /* AppDelegate.swift */ = {isa = PBXFileReference; lastKnownFileType = sourcecode.swift; path = AppDelegate.swift; sourceTree = "<group>"; };
		C15EBBE21FEA8B7000D65225 /* ViewController.swift */ = {isa = PBXFileReference; lastKnownFileType = sourcecode.swift; path = ViewController.swift; sourceTree = "<group>"; };
		C15EBBE51FEA8B7000D65225 /* Base */ = {isa = PBXFileReference; lastKnownFileType = file.storyboard; name = Base; path = Base.lproj/Main.storyboard; sourceTree = "<group>"; };
		C15EBBE71FEA8B7000D65225 /* Assets.xcassets */ = {isa = PBXFileReference; lastKnownFileType = folder.assetcatalog; path = Assets.xcassets; sourceTree = "<group>"; };
		C15EBBEA1FEA8B7000D65225 /* Base */ = {isa = PBXFileReference; lastKnownFileType = file.storyboard; name = Base; path = Base.lproj/LaunchScreen.storyboard; sourceTree = "<group>"; };
		C15EBBEC1FEA8B7000D65225 /* Info.plist */ = {isa = PBXFileReference; lastKnownFileType = text.plist.xml; path = Info.plist; sourceTree = "<group>"; };
/* End PBXFileReference section */

/* Begin PBXFrameworksBuildPhase section */
		C15EBBDA1FEA8B7000D65225 /* Frameworks */ = {
			isa = PBXFrameworksBuildPhase;
			buildActionMask = 2147483647;
			files = (
				C13A955E1FEAA46C000A6CFE /* RxSwift.framework in Frameworks */,
				C13A955D1FEAA45F000A6CFE /* RxCocoa.framework in Frameworks */,
				C13A95461FEAA44B000A6CFE /* MIIScrollableViews.framework in Frameworks */,
				C13A95431FEAA43D000A6CFE /* RxMIIScrollableViews.framework in Frameworks */,
			);
			runOnlyForDeploymentPostprocessing = 0;
		};
/* End PBXFrameworksBuildPhase section */

/* Begin PBXGroup section */
		C13A95471FEAA452000A6CFE /* Build */ = {
			isa = PBXGroup;
			children = (
				C13A95481FEAA452000A6CFE /* .MIIScrollableViews.version */,
				C13A95491FEAA452000A6CFE /* .RxSwift.version */,
				C13A954A1FEAA452000A6CFE /* iOS */,
			);
			name = Build;
			path = Carthage/Build;
			sourceTree = "<group>";
		};
		C13A954A1FEAA452000A6CFE /* iOS */ = {
			isa = PBXGroup;
			children = (
				C13A954B1FEAA452000A6CFE /* 21F8D8A8-5FB6-38C0-BDE4-B93D92A0752C.bcsymbolmap */,
				C13A954C1FEAA452000A6CFE /* 6DC97E85-8F90-35CC-A20E-02891914A2BA.bcsymbolmap */,
				C13A954D1FEAA452000A6CFE /* BF2C059B-9B00-3293-ADAA-744157ADF43C.bcsymbolmap */,
				C13A954E1FEAA452000A6CFE /* DC9FFA36-9D55-3FC0-9482-F702A402D287.bcsymbolmap */,
				C13A954F1FEAA452000A6CFE /* E1868AB6-3588-3F91-B95D-62810809FA5F.bcsymbolmap */,
				C13A95501FEAA452000A6CFE /* E4B5442A-A3BD-3080-8B37-6996FB8ED0C3.bcsymbolmap */,
				C13A95511FEAA452000A6CFE /* F311E5FC-D4D4-315E-9E6F-A39B985CA7B2.bcsymbolmap */,
				C13A95521FEAA452000A6CFE /* FB9E7994-810F-3661-B33C-11467DB19FB8.bcsymbolmap */,
				C13A95531FEAA452000A6CFE /* MIIScrollableViews.framework */,
				C13A95541FEAA452000A6CFE /* MIIScrollableViews.framework.dSYM */,
				C13A95551FEAA452000A6CFE /* RxBlocking.framework */,
				C13A95561FEAA452000A6CFE /* RxBlocking.framework.dSYM */,
				C13A95571FEAA452000A6CFE /* RxCocoa.framework */,
				C13A95581FEAA452000A6CFE /* RxCocoa.framework.dSYM */,
				C13A95591FEAA452000A6CFE /* RxSwift.framework */,
				C13A955A1FEAA452000A6CFE /* RxSwift.framework.dSYM */,
				C13A955B1FEAA452000A6CFE /* RxTest.framework */,
				C13A955C1FEAA452000A6CFE /* RxTest.framework.dSYM */,
			);
			path = iOS;
			sourceTree = "<group>";
		};
		C15EBBD41FEA8B6F00D65225 = {
			isa = PBXGroup;
			children = (
				C15EBBDF1FEA8B7000D65225 /* Demo */,
				C15EBBDE1FEA8B7000D65225 /* Products */,
				C15EBBF21FEA8B9D00D65225 /* Frameworks */,
			);
			sourceTree = "<group>";
		};
		C15EBBDE1FEA8B7000D65225 /* Products */ = {
			isa = PBXGroup;
			children = (
				C15EBBDD1FEA8B7000D65225 /* Demo.app */,
			);
			name = Products;
			sourceTree = "<group>";
		};
		C15EBBDF1FEA8B7000D65225 /* Demo */ = {
			isa = PBXGroup;
			children = (
				C15EBBE01FEA8B7000D65225 /* AppDelegate.swift */,
				C15EBBE21FEA8B7000D65225 /* ViewController.swift */,
				C15EBBE41FEA8B7000D65225 /* Main.storyboard */,
				C15EBBE71FEA8B7000D65225 /* Assets.xcassets */,
				C15EBBE91FEA8B7000D65225 /* LaunchScreen.storyboard */,
				C15EBBEC1FEA8B7000D65225 /* Info.plist */,
			);
			path = Demo;
			sourceTree = "<group>";
		};
		C15EBBF21FEA8B9D00D65225 /* Frameworks */ = {
			isa = PBXGroup;
			children = (
				C13A95471FEAA452000A6CFE /* Build */,
				C13A95451FEAA44B000A6CFE /* MIIScrollableViews.framework */,
				C13A95441FEAA43D000A6CFE /* RxMIIScrollableViews.framework */,
			);
			name = Frameworks;
			sourceTree = "<group>";
		};
/* End PBXGroup section */

/* Begin PBXNativeTarget section */
		C15EBBDC1FEA8B7000D65225 /* Demo */ = {
			isa = PBXNativeTarget;
			buildConfigurationList = C15EBBEF1FEA8B7000D65225 /* Build configuration list for PBXNativeTarget "Demo" */;
			buildPhases = (
				C15EBBD91FEA8B7000D65225 /* Sources */,
				C15EBBDA1FEA8B7000D65225 /* Frameworks */,
				C15EBBDB1FEA8B7000D65225 /* Resources */,
				C13FAC441FEA9B39008A5B8C /* ShellScript */,
			);
			buildRules = (
			);
			dependencies = (
			);
			name = Demo;
			productName = Demo;
			productReference = C15EBBDD1FEA8B7000D65225 /* Demo.app */;
			productType = "com.apple.product-type.application";
		};
/* End PBXNativeTarget section */

/* Begin PBXProject section */
		C15EBBD51FEA8B6F00D65225 /* Project object */ = {
			isa = PBXProject;
			attributes = {
				LastSwiftUpdateCheck = 0920;
				LastUpgradeCheck = 0920;
				TargetAttributes = {
					C15EBBDC1FEA8B7000D65225 = {
						CreatedOnToolsVersion = 9.2;
						ProvisioningStyle = Manual;
					};
				};
			};
			buildConfigurationList = C15EBBD81FEA8B6F00D65225 /* Build configuration list for PBXProject "Demo" */;
			compatibilityVersion = "Xcode 8.0";
			developmentRegion = en;
			hasScannedForEncodings = 0;
			knownRegions = (
				en,
				Base,
			);
			mainGroup = C15EBBD41FEA8B6F00D65225;
			productRefGroup = C15EBBDE1FEA8B7000D65225 /* Products */;
			projectDirPath = "";
			projectRoot = "";
			targets = (
				C15EBBDC1FEA8B7000D65225 /* Demo */,
			);
		};
/* End PBXProject section */

/* Begin PBXResourcesBuildPhase section */
		C15EBBDB1FEA8B7000D65225 /* Resources */ = {
			isa = PBXResourcesBuildPhase;
			buildActionMask = 2147483647;
			files = (
				C15EBBEB1FEA8B7000D65225 /* LaunchScreen.storyboard in Resources */,
				C15EBBE81FEA8B7000D65225 /* Assets.xcassets in Resources */,
				C15EBBE61FEA8B7000D65225 /* Main.storyboard in Resources */,
			);
			runOnlyForDeploymentPostprocessing = 0;
		};
/* End PBXResourcesBuildPhase section */

/* Begin PBXShellScriptBuildPhase section */
		C13FAC441FEA9B39008A5B8C /* ShellScript */ = {
			isa = PBXShellScriptBuildPhase;
			buildActionMask = 2147483647;
			files = (
			);
			inputPaths = (
				"$(SRCROOT)/Carthage/Build/iOS/RxSwift.framework",
				"$(SRCROOT)/Carthage/Build/iOS/RxCocoa.framework",
				"$(SRCROOT)/Carthage/Build/iOS/MIIScrollableViews.framework",
			);
			outputPaths = (
			);
			runOnlyForDeploymentPostprocessing = 0;
			shellPath = /bin/sh;
			shellScript = "/usr/local/bin/carthage copy-frameworks";
		};
/* End PBXShellScriptBuildPhase section */

/* Begin PBXSourcesBuildPhase section */
		C15EBBD91FEA8B7000D65225 /* Sources */ = {
			isa = PBXSourcesBuildPhase;
			buildActionMask = 2147483647;
			files = (
				C15EBBE31FEA8B7000D65225 /* ViewController.swift in Sources */,
				C15EBBE11FEA8B7000D65225 /* AppDelegate.swift in Sources */,
			);
			runOnlyForDeploymentPostprocessing = 0;
		};
/* End PBXSourcesBuildPhase section */

/* Begin PBXVariantGroup section */
		C15EBBE41FEA8B7000D65225 /* Main.storyboard */ = {
			isa = PBXVariantGroup;
			children = (
				C15EBBE51FEA8B7000D65225 /* Base */,
			);
			name = Main.storyboard;
			sourceTree = "<group>";
		};
		C15EBBE91FEA8B7000D65225 /* LaunchScreen.storyboard */ = {
			isa = PBXVariantGroup;
			children = (
				C15EBBEA1FEA8B7000D65225 /* Base */,
			);
			name = LaunchScreen.storyboard;
			sourceTree = "<group>";
		};
/* End PBXVariantGroup section */

/* Begin XCBuildConfiguration section */
		C15EBBED1FEA8B7000D65225 /* Debug */ = {
			isa = XCBuildConfiguration;
			buildSettings = {
				ALWAYS_SEARCH_USER_PATHS = NO;
				CLANG_ANALYZER_NONNULL = YES;
				CLANG_ANALYZER_NUMBER_OBJECT_CONVERSION = YES_AGGRESSIVE;
				CLANG_CXX_LANGUAGE_STANDARD = "gnu++14";
				CLANG_CXX_LIBRARY = "libc++";
				CLANG_ENABLE_MODULES = YES;
				CLANG_ENABLE_OBJC_ARC = YES;
				CLANG_WARN_BLOCK_CAPTURE_AUTORELEASING = YES;
				CLANG_WARN_BOOL_CONVERSION = YES;
				CLANG_WARN_COMMA = YES;
				CLANG_WARN_CONSTANT_CONVERSION = YES;
				CLANG_WARN_DIRECT_OBJC_ISA_USAGE = YES_ERROR;
				CLANG_WARN_DOCUMENTATION_COMMENTS = YES;
				CLANG_WARN_EMPTY_BODY = YES;
				CLANG_WARN_ENUM_CONVERSION = YES;
				CLANG_WARN_INFINITE_RECURSION = YES;
				CLANG_WARN_INT_CONVERSION = YES;
				CLANG_WARN_NON_LITERAL_NULL_CONVERSION = YES;
				CLANG_WARN_OBJC_LITERAL_CONVERSION = YES;
				CLANG_WARN_OBJC_ROOT_CLASS = YES_ERROR;
				CLANG_WARN_RANGE_LOOP_ANALYSIS = YES;
				CLANG_WARN_STRICT_PROTOTYPES = YES;
				CLANG_WARN_SUSPICIOUS_MOVE = YES;
				CLANG_WARN_UNGUARDED_AVAILABILITY = YES_AGGRESSIVE;
				CLANG_WARN_UNREACHABLE_CODE = YES;
				CLANG_WARN__DUPLICATE_METHOD_MATCH = YES;
				CODE_SIGN_IDENTITY = "iPhone Developer";
				COPY_PHASE_STRIP = NO;
				DEBUG_INFORMATION_FORMAT = dwarf;
				ENABLE_STRICT_OBJC_MSGSEND = YES;
				ENABLE_TESTABILITY = YES;
				GCC_C_LANGUAGE_STANDARD = gnu11;
				GCC_DYNAMIC_NO_PIC = NO;
				GCC_NO_COMMON_BLOCKS = YES;
				GCC_OPTIMIZATION_LEVEL = 0;
				GCC_PREPROCESSOR_DEFINITIONS = (
					"DEBUG=1",
					"$(inherited)",
				);
				GCC_WARN_64_TO_32_BIT_CONVERSION = YES;
				GCC_WARN_ABOUT_RETURN_TYPE = YES_ERROR;
				GCC_WARN_UNDECLARED_SELECTOR = YES;
				GCC_WARN_UNINITIALIZED_AUTOS = YES_AGGRESSIVE;
				GCC_WARN_UNUSED_FUNCTION = YES;
				GCC_WARN_UNUSED_VARIABLE = YES;
				IPHONEOS_DEPLOYMENT_TARGET = 9.0;
				MTL_ENABLE_DEBUG_INFO = YES;
				ONLY_ACTIVE_ARCH = YES;
				SDKROOT = iphoneos;
				SWIFT_ACTIVE_COMPILATION_CONDITIONS = DEBUG;
				SWIFT_OPTIMIZATION_LEVEL = "-Onone";
			};
			name = Debug;
		};
		C15EBBEE1FEA8B7000D65225 /* Release */ = {
			isa = XCBuildConfiguration;
			buildSettings = {
				ALWAYS_SEARCH_USER_PATHS = NO;
				CLANG_ANALYZER_NONNULL = YES;
				CLANG_ANALYZER_NUMBER_OBJECT_CONVERSION = YES_AGGRESSIVE;
				CLANG_CXX_LANGUAGE_STANDARD = "gnu++14";
				CLANG_CXX_LIBRARY = "libc++";
				CLANG_ENABLE_MODULES = YES;
				CLANG_ENABLE_OBJC_ARC = YES;
				CLANG_WARN_BLOCK_CAPTURE_AUTORELEASING = YES;
				CLANG_WARN_BOOL_CONVERSION = YES;
				CLANG_WARN_COMMA = YES;
				CLANG_WARN_CONSTANT_CONVERSION = YES;
				CLANG_WARN_DIRECT_OBJC_ISA_USAGE = YES_ERROR;
				CLANG_WARN_DOCUMENTATION_COMMENTS = YES;
				CLANG_WARN_EMPTY_BODY = YES;
				CLANG_WARN_ENUM_CONVERSION = YES;
				CLANG_WARN_INFINITE_RECURSION = YES;
				CLANG_WARN_INT_CONVERSION = YES;
				CLANG_WARN_NON_LITERAL_NULL_CONVERSION = YES;
				CLANG_WARN_OBJC_LITERAL_CONVERSION = YES;
				CLANG_WARN_OBJC_ROOT_CLASS = YES_ERROR;
				CLANG_WARN_RANGE_LOOP_ANALYSIS = YES;
				CLANG_WARN_STRICT_PROTOTYPES = YES;
				CLANG_WARN_SUSPICIOUS_MOVE = YES;
				CLANG_WARN_UNGUARDED_AVAILABILITY = YES_AGGRESSIVE;
				CLANG_WARN_UNREACHABLE_CODE = YES;
				CLANG_WARN__DUPLICATE_METHOD_MATCH = YES;
				CODE_SIGN_IDENTITY = "iPhone Developer";
				COPY_PHASE_STRIP = NO;
				DEBUG_INFORMATION_FORMAT = "dwarf-with-dsym";
				ENABLE_NS_ASSERTIONS = NO;
				ENABLE_STRICT_OBJC_MSGSEND = YES;
				GCC_C_LANGUAGE_STANDARD = gnu11;
				GCC_NO_COMMON_BLOCKS = YES;
				GCC_WARN_64_TO_32_BIT_CONVERSION = YES;
				GCC_WARN_ABOUT_RETURN_TYPE = YES_ERROR;
				GCC_WARN_UNDECLARED_SELECTOR = YES;
				GCC_WARN_UNINITIALIZED_AUTOS = YES_AGGRESSIVE;
				GCC_WARN_UNUSED_FUNCTION = YES;
				GCC_WARN_UNUSED_VARIABLE = YES;
				IPHONEOS_DEPLOYMENT_TARGET = 9.0;
				MTL_ENABLE_DEBUG_INFO = NO;
				SDKROOT = iphoneos;
				SWIFT_OPTIMIZATION_LEVEL = "-Owholemodule";
				VALIDATE_PRODUCT = YES;
			};
			name = Release;
		};
		C15EBBF01FEA8B7000D65225 /* Debug */ = {
			isa = XCBuildConfiguration;
			buildSettings = {
				ASSETCATALOG_COMPILER_APPICON_NAME = AppIcon;
				CODE_SIGN_STYLE = Manual;
				DEVELOPMENT_TEAM = "";
				FRAMEWORK_SEARCH_PATHS = (
					"$(inherited)",
					"$(PROJECT_DIR)/Carthage/Build/iOS",
				);
				INFOPLIST_FILE = Demo/Info.plist;
				LD_RUNPATH_SEARCH_PATHS = "$(inherited) @executable_path/Frameworks";
				PRODUCT_BUNDLE_IDENTIFIER = com.apps.maple.miichan.Demo;
				PRODUCT_NAME = "$(TARGET_NAME)";
				PROVISIONING_PROFILE_SPECIFIER = "";
				SWIFT_VERSION = 4.0;
				TARGETED_DEVICE_FAMILY = "1,2";
			};
			name = Debug;
		};
		C15EBBF11FEA8B7000D65225 /* Release */ = {
			isa = XCBuildConfiguration;
			buildSettings = {
				ASSETCATALOG_COMPILER_APPICON_NAME = AppIcon;
				CODE_SIGN_STYLE = Manual;
				DEVELOPMENT_TEAM = "";
				FRAMEWORK_SEARCH_PATHS = (
					"$(inherited)",
					"$(PROJECT_DIR)/Carthage/Build/iOS",
				);
				INFOPLIST_FILE = Demo/Info.plist;
				LD_RUNPATH_SEARCH_PATHS = "$(inherited) @executable_path/Frameworks";
				PRODUCT_BUNDLE_IDENTIFIER = com.apps.maple.miichan.Demo;
				PRODUCT_NAME = "$(TARGET_NAME)";
				PROVISIONING_PROFILE_SPECIFIER = "";
				SWIFT_VERSION = 4.0;
				TARGETED_DEVICE_FAMILY = "1,2";
			};
			name = Release;
		};
/* End XCBuildConfiguration section */

/* Begin XCConfigurationList section */
		C15EBBD81FEA8B6F00D65225 /* Build configuration list for PBXProject "Demo" */ = {
			isa = XCConfigurationList;
			buildConfigurations = (
				C15EBBED1FEA8B7000D65225 /* Debug */,
				C15EBBEE1FEA8B7000D65225 /* Release */,
			);
			defaultConfigurationIsVisible = 0;
			defaultConfigurationName = Release;
		};
		C15EBBEF1FEA8B7000D65225 /* Build configuration list for PBXNativeTarget "Demo" */ = {
			isa = XCConfigurationList;
			buildConfigurations = (
				C15EBBF01FEA8B7000D65225 /* Debug */,
				C15EBBF11FEA8B7000D65225 /* Release */,
			);
			defaultConfigurationIsVisible = 0;
			defaultConfigurationName = Release;
		};
/* End XCConfigurationList section */
	};
	rootObject = C15EBBD51FEA8B6F00D65225 /* Project object */;
}
